<?xml version="1.0" encoding="UTF-8" standalone="yes" ?>
<CodeBlocks_project_file>
	<FileVersion major="1" minor="6" />
	<Project>
		<Option title="player 2.0" />
		<Option pch_mode="2" />
		<Option compiler="gcc" />
		<Build>
			<Target title="Debug">
				<Option output="bin/Debug/player 2" prefix_auto="1" extension_auto="1" />
				<Option object_output="obj/Debug/" />
				<Option type="1" />
				<Option compiler="gcc" />
				<Option parameters="start" />
				<Compiler>
					<Add option="-g" />
				</Compiler>
			</Target>
		</Build>
		<Compiler>
			<Add option="-Wall" />
		</Compiler>
		<Unit filename="actions.c">
			<Option compilerVar="CC" />
		</Unit>
		<Unit filename="actions.h" />
		<Unit filename="assets.c">
			<Option compilerVar="CC" />
		</Unit>
		<Unit filename="assets.h" />
		<Unit filename="dbus.c">
			<Option compilerVar="CC" />
		</Unit>
		<Unit filename="dbus.h" />
		<Unit filename="json-gen.c">
			<Option compilerVar="CC" />
		</Unit>
		<Unit filename="json-gen.h" />
		<Unit filename="main.c">
			<Option compilerVar="CC" />
		</Unit>
		<Extensions />
	</Project>
</CodeBlocks_project_file>
